<?xml version="1.0" encoding="UTF-8"?>
<Scheme
   LastUpgradeVersion = "0640"
   version = "2.0">
   <BuildAction
      parallelizeBuildables = "YES"
      buildImplicitDependencies = "YES">
      <BuildActionEntries>
         <BuildActionEntry
            buildForTesting = "YES"
            buildForRunning = "YES"
            buildForProfiling = "YES"
            buildForArchiving = "YES"
            buildForAnalyzing = "YES">
            <BuildableReference
               BuildableIdentifier = "primary"
               BlueprintIdentifier = "2AC977C11B46B4AD00D92D6C"
               BuildableName = "Dr.Trivia WatchKit App.app"
               BlueprintName = "Dr.Trivia WatchKit App"
               ReferencedContainer = "container:Uberfacts.xcodeproj">
            </BuildableReference>
         </BuildActionEntry>
         <BuildActionEntry
            buildForTesting = "YES"
            buildForRunning = "YES"
            buildForProfiling = "YES"
            buildForArchiving = "YES"
            buildForAnalyzing = "YES">
            <BuildableReference
               BuildableIdentifier = "primary"
               BlueprintIdentifier = "2A0E9C201A7691A90003A1C0"
               BuildableName = "Uberfacts.app"
               BlueprintName = "Uberfacts"
               ReferencedContainer = "container:Uberfacts.xcodeproj">
            </BuildableReference>
         </BuildActionEntry>
         <BuildActionEntry
            buildForTesting = "YES"
            buildForRunning = "YES"
            buildForProfiling = "YES"
            buildForArchiving = "YES"
            buildForAnalyzing = "YES">
            <BuildableReference
               BuildableIdentifier = "primary"
               BlueprintIdentifier = "2AC977AF1B46B4AD00D92D6C"
               BuildableName = "Dr.Trivia WatchKit Extension.appex"
               BlueprintName = "Dr.Trivia WatchKit Extension"
               ReferencedContainer = "container:Uberfacts.xcodeproj">
            </BuildableReference>
         </BuildActionEntry>
      </BuildActionEntries>
   </BuildAction>
   <TestAction
      selectedDebuggerIdentifier = "Xcode.DebuggerFoundation.Debugger.LLDB"
      selectedLauncherIdentifier = "Xcode.DebuggerFoundation.Launcher.LLDB"
      shouldUseLaunchSchemeArgsEnv = "YES"
      buildConfiguration = "Debug">
      <Testables>
      </Testables>
      <MacroExpansion>
         <BuildableReference
            BuildableIdentifier = "primary"
            BlueprintIdentifier = "2AC977C11B46B4AD00D92D6C"
            BuildableName = "Dr.Trivia WatchKit App.app"
            BlueprintName = "Dr.Trivia WatchKit App"
            ReferencedContainer = "container:Uberfacts.xcodeproj">
         </BuildableReference>
      </MacroExpansion>
   </TestAction>
   <LaunchAction
      selectedDebuggerIdentifier = "Xcode.DebuggerFoundation.Debugger.LLDB"
      selectedLauncherIdentifier = "Xcode.DebuggerFoundation.Launcher.LLDB"
      launchStyle = "0"
      useCustomWorkingDirectory = "NO"
      buildConfiguration = "Debug"
      ignoresPersistentStateOnLaunch = "NO"
      debugDocumentVersioning = "YES"
      allowLocationSimulation = "YES"
      launchAutomaticallySubstyle = "4"
      notificationPayloadFile = "Dr.Trivia WatchKit Extension/PushNotificationPayload.apns">
      <RemoteRunnable
         runnableDebuggingMode = "2"
         BundleIdentifier = "com.apple.springboard"
         RemotePath = "/Dr.Trivia">
         <BuildableReference
            BuildableIdentifier = "primary"
            BlueprintIdentifier = "2AC977C11B46B4AD00D92D6C"
            BuildableName = "Dr.Trivia WatchKit App.app"
            BlueprintName = "Dr.Trivia WatchKit App"
            ReferencedContainer = "container:Uberfacts.xcodeproj">
         </BuildableReference>
      </RemoteRunnable>
      <MacroExpansion>
         <BuildableReference
            BuildableIdentifier = "primary"
            BlueprintIdentifier = "2AC977C11B46B4AD00D92D6C"
            BuildableName = "Dr.Trivia WatchKit App.app"
            BlueprintName = "Dr.Trivia WatchKit App"
            ReferencedContainer = "container:Uberfacts.xcodeproj">
         </BuildableReference>
      </MacroExpansion>
      <AdditionalOptions>
      </AdditionalOptions>
   </LaunchAction>
   <ProfileAction
      shouldUseLaunchSchemeArgsEnv = "YES"
      savedToolIdentifier = ""
      useCustomWorkingDirectory = "NO"
      buildConfiguration = "Release"
      debugDocumentVersioning = "YES"
      launchAutomaticallySubstyle = "4"
      notificationPayloadFile = "Dr.Trivia WatchKit Extension/PushNotificationPayload.apns">
      <RemoteRunnable
         runnableDebuggingMode = "2"
         BundleIdentifier = "com.apple.springboard"
         RemotePath = "/Dr.Trivia">
         <BuildableReference
            BuildableIdentifier = "primary"
            BlueprintIdentifier = "2AC977C11B46B4AD00D92D6C"
            BuildableName = "Dr.Trivia WatchKit App.app"
            BlueprintName = "Dr.Trivia WatchKit App"
            ReferencedContainer = "container:Uberfacts.xcodeproj">
         </BuildableReference>
      </RemoteRunnable>
      <MacroExpansion>
         <BuildableReference
            BuildableIdentifier = "primary"
            BlueprintIdentifier = "2AC977C11B46B4AD00D92D6C"
            BuildableName = "Dr.Trivia WatchKit App.app"
            BlueprintName = "Dr.Trivia WatchKit App"
            ReferencedContainer = "container:Uberfacts.xcodeproj">
         </BuildableReference>
      </MacroExpansion>
   </ProfileAction>
   <AnalyzeAction
      buildConfiguration = "Debug">
   </AnalyzeAction>
   <ArchiveAction
      buildConfiguration = "Release"
      revealArchiveInOrganizer = "YES">
   </ArchiveAction>
</Scheme>
